{
  "lockfile_version": "1",
  "packages": {
    "actionlint@1.7.12": {
      "last_modified": "2026-04-01T01:09:41Z",
      "resolved": "github:NixOS/nixpkgs/62e3050a29278c985725a86704faa1e99236b51a#actionlint",
      "source": "devbox-search",
      "version": "1.7.12",
      "systems": {
        "aarch64-darwin": {
          "outputs": [
            {
              "name": "out",
              "path": "/nix/store/px6mca0wsmmhmbrvs6zppskx0q51hk37-actionlint-1.7.12",
              "default": true
            }
          ],
          "store_path": "/nix/store/px6mca0wsmmhmbrvs6zppskx0q51hk37-actionlint-1.7.12"
        },
        "aarch64-linux": {
          "outputs": [
            {
              "name": "out",
              "path": "/nix/store/1rqkzzp0nncr34b9d7wqi4867j9hq0b0-actionlint-1.7.12",
              "default": true
            }
          ],
          "store_path": "/nix/store/1rqkzzp0nncr34b9d7wqi4867j9hq0b0-actionlint-1.7.12"
        },
        "x86_64-darwin": {
          "outputs": [
            {
              "name": "out",
              "path": "/nix/store/mqikmmhdv7slnrpqzamfwf8awgbm230y-actionlint-1.7.12",
              "default": true
            }
          ],
          "store_path": "/nix/store/mqikmmhdv7slnrpqzamfwf8awgbm230y-actionlint-1.7.12"
        },
        "x86_64-linux": {
          "outputs": [
            {
              "name": "out",
              "path": "/nix/store/amlhdml9d7lg1l0mcp8bz2asvkh63x06-actionlint-1.7.12",
              "default": true
            }
          ],
          "store_path": "/nix/store/amlhdml9d7lg1l0mcp8bz2asvkh63x06-actionlint-1.7.12"
        }
      }
    },
    "biome@2.4.11": {
      "last_modified": "2026-04-15T03:58:42Z",
      "resolved": "github:NixOS/nixpkgs/975dad1a84d727dce241bb41b27191948fa5a956#biome",
      "source": "devbox-search",
      "version": "2.4.11",
      "systems": {
        "aarch64-darwin": {
          "outputs": [
            {
              "name": "out",
              "path": "/nix/store/dbzyi83s9y3pwbkr4pf632ypwcpldkd7-biome-2.4.11",
              "default": true
            }
          ],
          "store_path": "/nix/store/dbzyi83s9y3pwbkr4pf632ypwcpldkd7-biome-2.4.11"
        },
        "aarch64-linux": {
          "outputs": [
            {
              "name": "out",
              "path": "/nix/store/nzmwiiklilzl3qk069g439wfmdi5bjw5-biome-2.4.11",
              "default": true
            }
          ],
          "store_path": "/nix/store/nzmwiiklilzl3qk069g439wfmdi5bjw5-biome-2.4.11"
        },
        "x86_64-darwin": {
          "outputs": [
            {
              "name": "out",
              "path": "/nix/store/1y0fjsvpf8bd81vbrrwr7qrj4y27bcdv-biome-2.4.11",
              "default": true
            }
          ],
          "store_path": "/nix/store/1y0fjsvpf8bd81vbrrwr7qrj4y27bcdv-biome-2.4.11"
        },
        "x86_64-linux": {
          "outputs": [
            {
              "name": "out",
              "path": "/nix/store/sd58kvl7w6zlj3zjiq9brakyv7khk5s8-biome-2.4.11",
              "default": true
            }
          ],
          "store_path": "/nix/store/sd58kvl7w6zlj3zjiq9brakyv7khk5s8-biome-2.4.11"
        }
      }
    },
    "formatjson5@0.2.6": {
      "last_modified": "2026-03-21T07:29:51Z",
      "resolved": "github:NixOS/nixpkgs/09061f748ee21f68a089cd5d91ec1859cd93d0be#formatjson5",
      "source": "devbox-search",
      "version": "0.2.6",
      "systems": {
        "aarch64-darwin": {
          "outputs": [
            {
              "name": "out",
              "path": "/nix/store/rafv23b1f9gwqfrbzj59lkr8qy11z45p-formatjson5-0.2.6",
              "default": true
            }
          ],
          "store_path": "/nix/store/rafv23b1f9gwqfrbzj59lkr8qy11z45p-formatjson5-0.2.6"
        },
        "aarch64-linux": {
          "outputs": [
            {
              "name": "out",
              "path": "/nix/store/xg097sakbvwv2myc8y0zwhgh54sf5i3k-formatjson5-0.2.6",
              "default": true
            }
          ],
          "store_path": "/nix/store/xg097sakbvwv2myc8y0zwhgh54sf5i3k-formatjson5-0.2.6"
        },
        "x86_64-darwin": {
          "outputs": [
            {
              "name": "out",
              "path": "/nix/store/jfrahhc16wryaz5ggvvdzpbwsi6pyil2-formatjson5-0.2.6",
              "default": true
            }
          ],
          "store_path": "/nix/store/jfrahhc16wryaz5ggvvdzpbwsi6pyil2-formatjson5-0.2.6"
        },
        "x86_64-linux": {
          "outputs": [
            {
              "name": "out",
              "path": "/nix/store/qdl2ms1zqjh0qlq5igmazyyclan0jmy2-formatjson5-0.2.6",
              "default": true
            }
          ],
          "store_path": "/nix/store/qdl2ms1zqjh0qlq5igmazyyclan0jmy2-formatjson5-0.2.6"
        }
      }
    },
    "ghalint@1.5.5": {
      "last_modified": "2026-03-21T07:29:51Z",
      "resolved": "github:NixOS/nixpkgs/09061f748ee21f68a089cd5d91ec1859cd93d0be#ghalint",
      "source": "devbox-search",
      "version": "1.5.5",
      "systems": {
        "aarch64-darwin": {
          "outputs": [
            {
              "name": "out",
              "path": "/nix/store/c70xsjbl7kizvq39802q5053gv08a2qq-ghalint-1.5.5",
              "default": true
            }
          ],
          "store_path": "/nix/store/c70xsjbl7kizvq39802q5053gv08a2qq-ghalint-1.5.5"
        },
        "aarch64-linux": {
          "outputs": [
            {
              "name": "out",
              "path": "/nix/store/m6hj57125ny0nqb4zm6nazg1rah02bs7-ghalint-1.5.5",
              "default": true
            }
          ],
          "store_path": "/nix/store/m6hj57125ny0nqb4zm6nazg1rah02bs7-ghalint-1.5.5"
        },
        "x86_64-darwin": {
          "outputs": [
            {
              "name": "out",
              "path": "/nix/store/m7wmk5af3wajn1iza8mqbjkp8qn4069k-ghalint-1.5.5",
              "default": true
            }
          ],
          "store_path": "/nix/store/m7wmk5af3wajn1iza8mqbjkp8qn4069k-ghalint-1.5.5"
        },
        "x86_64-linux": {
          "outputs": [
            {
              "name": "out",
              "path": "/nix/store/drcgcrn1cf5w0ss4qf3qhqigwggkbz3y-ghalint-1.5.5",
              "default": true
            }
          ],
          "store_path": "/nix/store/drcgcrn1cf5w0ss4qf3qhqigwggkbz3y-ghalint-1.5.5"
        }
      }
    },
    "github:NixOS/nixpkgs/nixpkgs-unstable": {
      "last_modified": "2026-04-16T08:46:55Z",
      "resolved": "github:NixOS/nixpkgs/b86751bc4085f48661017fa226dee99fab6c651b?lastModified=1776329215&narHash=sha256-a8BYi3mzoJ%2FAcJP8UldOx8emoPRLeWqALZWu4ZvjPXw%3D"
    },
    "gojq@0.12.19": {
      "last_modified": "2026-04-02T10:35:47Z",
      "resolved": "github:NixOS/nixpkgs/8d8c1fa5b412c223ffa47410867813290cdedfef#gojq",
      "source": "devbox-search",
      "version": "0.12.19",
      "systems": {
        "aarch64-darwin": {
          "outputs": [
            {
              "name": "out",
              "path": "/nix/store/jk7i9wpxap90g1gh8x29jh9ysf7s6db7-gojq-0.12.19",
              "default": true
            }
          ],
          "store_path": "/nix/store/jk7i9wpxap90g1gh8x29jh9ysf7s6db7-gojq-0.12.19"
        },
        "aarch64-linux": {
          "outputs": [
            {
              "name": "out",
              "path": "/nix/store/8m746x63li1xg8gl317hz49ms8jlgm1s-gojq-0.12.19",
              "default": true
            }
          ],
          "store_path": "/nix/store/8m746x63li1xg8gl317hz49ms8jlgm1s-gojq-0.12.19"
        },
        "x86_64-darwin": {
          "outputs": [
            {
              "name": "out",
              "path": "/nix/store/kaqx6jj4550104hcixk6rhr7w46h5zcl-gojq-0.12.19",
              "default": true
            }
          ],
          "store_path": "/nix/store/kaqx6jj4550104hcixk6rhr7w46h5zcl-gojq-0.12.19"
        },
        "x86_64-linux": {
          "outputs": [
            {
              "name": "out",
              "path": "/nix/store/yvi0hpwrgln317ysl48ambd373d25c6f-gojq-0.12.19",
              "default": true
            }
          ],
          "store_path": "/nix/store/yvi0hpwrgln317ysl48ambd373d25c6f-gojq-0.12.19"
        }
      }
    },
    "ktfmt@0.51": {
      "last_modified": "2026-02-23T15:40:43Z",
      "resolved": "github:NixOS/nixpkgs/80d901ec0377e19ac3f7bb8c035201e2e098cc97#ktfmt",
      "source": "devbox-search",
      "version": "0.51",
      "systems": {
        "aarch64-darwin": {
          "outputs": [
            {
              "name": "out",
              "path": "/nix/store/7bykbg9gvljkqq3j9149iz3zz7mdgp59-ktfmt-0.51",
              "default": true
            }
          ],
          "store_path": "/nix/store/7bykbg9gvljkqq3j9149iz3zz7mdgp59-ktfmt-0.51"
        },
        "aarch64-linux": {
          "outputs": [
            {
              "name": "out",
              "path": "/nix/store/k1whvikppd690g1hy4rggfqplzsk52b2-ktfmt-0.51",
              "default": true
            }
          ],
          "store_path": "/nix/store/k1whvikppd690g1hy4rggfqplzsk52b2-ktfmt-0.51"
        },
        "x86_64-darwin": {
          "outputs": [
            {
              "name": "out",
              "path": "/nix/store/m69cb1icg8j8wgq0mmv1cp6k9x11ipg9-ktfmt-0.51",
              "default": true
            }
          ],
          "store_path": "/nix/store/m69cb1icg8j8wgq0mmv1cp6k9x11ipg9-ktfmt-0.51"
        },
        "x86_64-linux": {
          "outputs": [
            {
              "name": "out",
              "path": "/nix/store/jh2b6mzhscgh37q00ljjf4c1f1m04fbs-ktfmt-0.51",
              "default": true
            }
          ],
          "store_path": "/nix/store/jh2b6mzhscgh37q00ljjf4c1f1m04fbs-ktfmt-0.51"
        }
      }
    },
    "mado@0.3.0": {
      "last_modified": "2026-03-21T07:29:51Z",
      "resolved": "github:NixOS/nixpkgs/09061f748ee21f68a089cd5d91ec1859cd93d0be#mado",
      "source": "devbox-search",
      "version": "0.3.0",
      "systems": {
        "aarch64-darwin": {
          "outputs": [
            {
              "name": "out",
              "path": "/nix/store/9vkc9i69dnbkzc9kgq0w2gqrq9ilvhpz-mado-0.3.0",
              "default": true
            }
          ],
          "store_path": "/nix/store/9vkc9i69dnbkzc9kgq0w2gqrq9ilvhpz-mado-0.3.0"
        },
        "aarch64-linux": {
          "outputs": [
            {
              "name": "out",
              "path": "/nix/store/4c966zs120difm12i4d66wrskajzmbv4-mado-0.3.0",
              "default": true
            }
          ],
          "store_path": "/nix/store/4c966zs120difm12i4d66wrskajzmbv4-mado-0.3.0"
        },
        "x86_64-darwin": {
          "outputs": [
            {
              "name": "out",
              "path": "/nix/store/yr73ysrxbp4kip9q6nl83q9njf8zmmv2-mado-0.3.0",
              "default": true
            }
          ],
          "store_path": "/nix/store/yr73ysrxbp4kip9q6nl83q9njf8zmmv2-mado-0.3.0"
        },
        "x86_64-linux": {
          "outputs": [
            {
              "name": "out",
              "path": "/nix/store/j8pn85rh6hlpl3ip1ljsnwg8snxzg7vj-mado-0.3.0",
              "default": true
            }
          ],
          "store_path": "/nix/store/j8pn85rh6hlpl3ip1ljsnwg8snxzg7vj-mado-0.3.0"
        }
      }
    },
    "moreutils@0.70": {
      "last_modified": "2026-03-21T07:29:51Z",
      "resolved": "github:NixOS/nixpkgs/09061f748ee21f68a089cd5d91ec1859cd93d0be#moreutils",
      "source": "devbox-search",
      "version": "0.70",
      "systems": {
        "aarch64-darwin": {
          "outputs": [
            {
              "name": "out",
              "path": "/nix/store/icycicwa7jgrn510rca2abgk3qdd37j7-moreutils-0.70",
              "default": true
            }
          ],
          "store_path": "/nix/store/icycicwa7jgrn510rca2abgk3qdd37j7-moreutils-0.70"
        },
        "aarch64-linux": {
          "outputs": [
            {
              "name": "out",
              "path": "/nix/store/l789g4g6cbk5c3wgqyfnc24576nxcija-moreutils-0.70",
              "default": true
            }
          ],
          "store_path": "/nix/store/l789g4g6cbk5c3wgqyfnc24576nxcija-moreutils-0.70"
        },
        "x86_64-darwin": {
          "outputs": [
            {
              "name": "out",
              "path": "/nix/store/bcparvylrkna3ydr4rfny43pyr7a2ig8-moreutils-0.70",
              "default": true
            }
          ],
          "store_path": "/nix/store/bcparvylrkna3ydr4rfny43pyr7a2ig8-moreutils-0.70"
        },
        "x86_64-linux": {
          "outputs": [
            {
              "name": "out",
              "path": "/nix/store/nk3765x39p742md1by0q8lsqc0yjp84d-moreutils-0.70",
              "default": true
            }
          ],
          "store_path": "/nix/store/nk3765x39p742md1by0q8lsqc0yjp84d-moreutils-0.70"
        }
      }
    },
    "renovate@43.91.1": {
      "last_modified": "2026-04-01T01:09:41Z",
      "resolved": "github:NixOS/nixpkgs/62e3050a29278c985725a86704faa1e99236b51a#renovate",
      "source": "devbox-search",
      "version": "43.91.1",
      "systems": {
        "aarch64-darwin": {
          "outputs": [
            {
              "name": "out",
              "path": "/nix/store/5yjn3x184wsa3xi3q6lcxq1x2igrzda2-renovate-43.91.1",
              "default": true
            }
          ],
          "store_path": "/nix/store/5yjn3x184wsa3xi3q6lcxq1x2igrzda2-renovate-43.91.1"
        },
        "aarch64-linux": {
          "outputs": [
            {
              "name": "out",
              "path": "/nix/store/h8jiwc0h39rbkag8cys52lhkxwqbmbkp-renovate-43.91.1",
              "default": true
            }
          ],
          "store_path": "/nix/store/h8jiwc0h39rbkag8cys52lhkxwqbmbkp-renovate-43.91.1"
        },
        "x86_64-darwin": {
          "outputs": [
            {
              "name": "out",
              "path": "/nix/store/n6lcxq15i0qbm94vj7zpnxgab73iyv39-renovate-43.91.1",
              "default": true
            }
          ],
          "store_path": "/nix/store/n6lcxq15i0qbm94vj7zpnxgab73iyv39-renovate-43.91.1"
        },
        "x86_64-linux": {
          "outputs": [
            {
              "name": "out",
              "path": "/nix/store/8ckarlilprl54cjaxrx30bb4r0p6k8p7-renovate-43.91.1",
              "default": true
            }
          ],
          "store_path": "/nix/store/8ckarlilprl54cjaxrx30bb4r0p6k8p7-renovate-43.91.1"
        }
      }
    },
    "rumdl@0.1.72": {
      "last_modified": "2026-04-15T12:22:54Z",
      "resolved": "github:NixOS/nixpkgs/566acc07c54dc807f91625bb286cb9b321b5f42a#rumdl",
      "source": "devbox-search",
      "version": "0.1.72",
      "systems": {
        "aarch64-darwin": {
          "outputs": [
            {
              "name": "out",
              "path": "/nix/store/p8jgjczwvnh3d68ngm2l7gz96w9xy73f-rumdl-0.1.72",
              "default": true
            }
          ],
          "store_path": "/nix/store/p8jgjczwvnh3d68ngm2l7gz96w9xy73f-rumdl-0.1.72"
        },
        "aarch64-linux": {
          "outputs": [
            {
              "name": "out",
              "path": "/nix/store/cgb4js2vz6v9qp66fshiygr00av6q9hg-rumdl-0.1.72",
              "default": true
            }
          ],
          "store_path": "/nix/store/cgb4js2vz6v9qp66fshiygr00av6q9hg-rumdl-0.1.72"
        },
        "x86_64-darwin": {
          "outputs": [
            {
              "name": "out",
              "path": "/nix/store/pql8jnfdq06h7bhbb9mzwdbz2mq2vjnx-rumdl-0.1.72",
              "default": true
            }
          ],
          "store_path": "/nix/store/pql8jnfdq06h7bhbb9mzwdbz2mq2vjnx-rumdl-0.1.72"
        },
        "x86_64-linux": {
          "outputs": [
            {
              "name": "out",
              "path": "/nix/store/s5h4bk1byw42a9am7d37qiiyj9i2fxp4-rumdl-0.1.72",
              "default": true
            }
          ],
          "store_path": "/nix/store/s5h4bk1byw42a9am7d37qiiyj9i2fxp4-rumdl-0.1.72"
        }
      }
    },
    "stdenv.cc.cc.lib": {
      "resolved": "github:NixOS/nixpkgs/890f57fde071de281cd0e950cd80ea3e1ab55e75?narHash=sha256-RCNYRb7zHt%2BqycQwfTD%2FZxnbd4Sxi2fgvkeAljtLEOs%3D#stdenv.cc.cc.lib",
      "source": "nixpkg",
      "systems": {
        "x86_64-linux": {
          "outputs": [
            {
              "name": "lib",
              "path": "/tmp/containerbase/cache/nix/store/crk7xrp5r4dxam9pdzm67zzggm6105km-gcc-14.3.0-lib",
              "default": true
            }
          ]
        }
      }
    },
    "temurin-bin@21.0.8": {
      "last_modified": "2025-10-22T20:59:19Z",
      "resolved": "github:NixOS/nixpkgs/01b6809f7f9d1183a2b3e081f0a1e6f8f415cb09#temurin-bin",
      "source": "devbox-search",
      "version": "21.0.8",
      "systems": {
        "aarch64-darwin": {
          "outputs": [
            {
              "name": "out",
              "path": "/nix/store/x39311498bh7sb2ag1fjikgv7i0ll5qb-temurin-bin-21.0.8",
              "default": true
            }
          ],
          "store_path": "/nix/store/x39311498bh7sb2ag1fjikgv7i0ll5qb-temurin-bin-21.0.8"
        },
        "aarch64-linux": {
          "outputs": [
            {
              "name": "out",
              "path": "/nix/store/3q60g6x4qf2wfvbalnyx1510n9gwbd5j-temurin-bin-21.0.8",
              "default": true
            }
          ],
          "store_path": "/nix/store/3q60g6x4qf2wfvbalnyx1510n9gwbd5j-temurin-bin-21.0.8"
        },
        "x86_64-darwin": {
          "outputs": [
            {
              "name": "out",
              "path": "/nix/store/q0y2plx55rmhyqbindyfg01xwjj45da6-temurin-bin-21.0.8",
              "default": true
            }
          ],
          "store_path": "/nix/store/q0y2plx55rmhyqbindyfg01xwjj45da6-temurin-bin-21.0.8"
        },
        "x86_64-linux": {
          "outputs": [
            {
              "name": "out",
              "path": "/nix/store/x1f6yd37mb7lfp61xh585vrfjs3cgw99-temurin-bin-21.0.8",
              "default": true
            }
          ],
          "store_path": "/nix/store/x1f6yd37mb7lfp61xh585vrfjs3cgw99-temurin-bin-21.0.8"
        }
      }
    },
    "tombi@0.9.16": {
      "last_modified": "2026-04-15T03:58:42Z",
      "resolved": "github:NixOS/nixpkgs/975dad1a84d727dce241bb41b27191948fa5a956#tombi",
      "source": "devbox-search",
      "version": "0.9.16",
      "systems": {
        "aarch64-darwin": {
          "outputs": [
            {
              "name": "out",
              "path": "/nix/store/2ajy4rxwyrx48ml1hl9gvs2qywjcxswb-tombi-0.9.16",
              "default": true
            }
          ],
          "store_path": "/nix/store/2ajy4rxwyrx48ml1hl9gvs2qywjcxswb-tombi-0.9.16"
        },
        "aarch64-linux": {
          "outputs": [
            {
              "name": "out",
              "path": "/nix/store/ibpqypk0n6mydyb9k8lzphgi9mf8a9jc-tombi-0.9.16",
              "default": true
            }
          ],
          "store_path": "/nix/store/ibpqypk0n6mydyb9k8lzphgi9mf8a9jc-tombi-0.9.16"
        },
        "x86_64-darwin": {
          "outputs": [
            {
              "name": "out",
              "path": "/nix/store/nvypj4zyanhy1ybgbssr37swmbgkz813-tombi-0.9.16",
              "default": true
            }
          ],
          "store_path": "/nix/store/nvypj4zyanhy1ybgbssr37swmbgkz813-tombi-0.9.16"
        },
        "x86_64-linux": {
          "outputs": [
            {
              "name": "out",
              "path": "/nix/store/8z4d2fg1pi0d6f7mkliw1pclb58964bn-tombi-0.9.16",
              "default": true
            }
          ],
          "store_path": "/nix/store/8z4d2fg1pi0d6f7mkliw1pclb58964bn-tombi-0.9.16"
        }
      }
    },
    "toml-sort@0.24.4": {
      "last_modified": "2026-04-01T01:09:41Z",
      "resolved": "github:NixOS/nixpkgs/62e3050a29278c985725a86704faa1e99236b51a#toml-sort",
      "source": "devbox-search",
      "version": "0.24.4",
      "systems": {
        "aarch64-darwin": {
          "outputs": [
            {
              "name": "out",
              "path": "/nix/store/cpjghm9zsi30zinnn1iway96x4hfvy9v-toml-sort-0.24.4",
              "default": true
            },
            {
              "name": "dist",
              "path": "/nix/store/vjiypcmb7lhw8vwgqdwzfzvd9ivd2hfb-toml-sort-0.24.4-dist"
            }
          ],
          "store_path": "/nix/store/cpjghm9zsi30zinnn1iway96x4hfvy9v-toml-sort-0.24.4"
        },
        "aarch64-linux": {
          "outputs": [
            {
              "name": "out",
              "path": "/nix/store/lpyb83dvg4fi8xaarjlcqj30x3rsxzlj-toml-sort-0.24.4",
              "default": true
            },
            {
              "name": "dist",
              "path": "/nix/store/c1f3fxr082kflsjfpa3zrdc1bc9w5m8i-toml-sort-0.24.4-dist"
            }
          ],
          "store_path": "/nix/store/lpyb83dvg4fi8xaarjlcqj30x3rsxzlj-toml-sort-0.24.4"
        },
        "x86_64-darwin": {
          "outputs": [
            {
              "name": "out",
              "path": "/nix/store/az5lw635xjnqfi71iaqym32xz0l7az4g-toml-sort-0.24.4",
              "default": true
            },
            {
              "name": "dist",
              "path": "/nix/store/161sjz9kf39lz7x01xsdrjhfvb4g4zyc-toml-sort-0.24.4-dist"
            }
          ],
          "store_path": "/nix/store/az5lw635xjnqfi71iaqym32xz0l7az4g-toml-sort-0.24.4"
        },
        "x86_64-linux": {
          "outputs": [
            {
              "name": "out",
              "path": "/nix/store/7myxm4fgq594vbgcnzir3sv47n1s5100-toml-sort-0.24.4",
              "default": true
            },
            {
              "name": "dist",
              "path": "/nix/store/yy9468z0llq6sizqxvjmjivxbya6mhvl-toml-sort-0.24.4-dist"
            }
          ],
          "store_path": "/nix/store/7myxm4fgq594vbgcnzir3sv47n1s5100-toml-sort-0.24.4"
        }
      }
    },
    "treefmt@2.5.0": {
      "last_modified": "2026-04-08T00:40:38Z",
      "resolved": "github:NixOS/nixpkgs/9a01fad67a57e44e1b3e1d905c6881bcfb209e8a#treefmt",
      "source": "devbox-search",
      "version": "2.5.0",
      "systems": {
        "aarch64-darwin": {
          "outputs": [
            {
              "name": "out",
              "path": "/nix/store/1z84g4b0y6xbgp2x17bhvcqb1flid4ls-treefmt-2.5.0",
              "default": true
            }
          ],
          "store_path": "/nix/store/1z84g4b0y6xbgp2x17bhvcqb1flid4ls-treefmt-2.5.0"
        },
        "aarch64-linux": {
          "outputs": [
            {
              "name": "out",
              "path": "/nix/store/m4h9rk5khvl7mz3hi1dj508xpak4kd27-treefmt-2.5.0",
              "default": true
            }
          ],
          "store_path": "/nix/store/m4h9rk5khvl7mz3hi1dj508xpak4kd27-treefmt-2.5.0"
        },
        "x86_64-darwin": {
          "outputs": [
            {
              "name": "out",
              "path": "/nix/store/bmqxxypl5hsg4dak9ckw819lld87imnp-treefmt-2.5.0",
              "default": true
            }
          ],
          "store_path": "/nix/store/bmqxxypl5hsg4dak9ckw819lld87imnp-treefmt-2.5.0"
        },
        "x86_64-linux": {
          "outputs": [
            {
              "name": "out",
              "path": "/nix/store/z60np9r7vgajzk4jrbccqafk41vgg63h-treefmt-2.5.0",
              "default": true
            }
          ],
          "store_path": "/nix/store/z60np9r7vgajzk4jrbccqafk41vgg63h-treefmt-2.5.0"
        }
      }
    },
    "typos@1.45.0": {
      "last_modified": "2026-04-06T08:39:25Z",
      "resolved": "github:NixOS/nixpkgs/83e29f2b8791f6dec20804382fcd9a666d744c07#typos",
      "source": "devbox-search",
      "version": "1.45.0",
      "systems": {
        "aarch64-darwin": {
          "outputs": [
            {
              "name": "out",
              "path": "/nix/store/fcz2d2gbhd2vpgmcrq16pch17s28j6b6-typos-1.45.0",
              "default": true
            }
          ],
          "store_path": "/nix/store/fcz2d2gbhd2vpgmcrq16pch17s28j6b6-typos-1.45.0"
        },
        "aarch64-linux": {
          "outputs": [
            {
              "name": "out",
              "path": "/nix/store/dzab911a372km66mp2jd99m1ikqqx32h-typos-1.45.0",
              "default": true
            }
          ],
          "store_path": "/nix/store/dzab911a372km66mp2jd99m1ikqqx32h-typos-1.45.0"
        },
        "x86_64-darwin": {
          "outputs": [
            {
              "name": "out",
              "path": "/nix/store/f9ni9y9006k1i6r0k829p58wxhlid84f-typos-1.45.0",
              "default": true
            }
          ],
          "store_path": "/nix/store/f9ni9y9006k1i6r0k829p58wxhlid84f-typos-1.45.0"
        },
        "x86_64-linux": {
          "outputs": [
            {
              "name": "out",
              "path": "/nix/store/frg0pmkppp62x7dc2axpp4jcmhq6w8ba-typos-1.45.0",
              "default": true
            }
          ],
          "store_path": "/nix/store/frg0pmkppp62x7dc2axpp4jcmhq6w8ba-typos-1.45.0"
        }
      }
    },
    "yamlfmt@0.21.0": {
      "last_modified": "2026-03-21T07:29:51Z",
      "resolved": "github:NixOS/nixpkgs/09061f748ee21f68a089cd5d91ec1859cd93d0be#yamlfmt",
      "source": "devbox-search",
      "version": "0.21.0",
      "systems": {
        "aarch64-darwin": {
          "outputs": [
            {
              "name": "out",
              "path": "/nix/store/nlqk9x9d4ccsz292vc1ns79r3yp11rj3-yamlfmt-0.21.0",
              "default": true
            }
          ],
          "store_path": "/nix/store/nlqk9x9d4ccsz292vc1ns79r3yp11rj3-yamlfmt-0.21.0"
        },
        "aarch64-linux": {
          "outputs": [
            {
              "name": "out",
              "path": "/nix/store/0l0jxhi3whwjpfzrymky1v95q742v1zv-yamlfmt-0.21.0",
              "default": true
            }
          ],
          "store_path": "/nix/store/0l0jxhi3whwjpfzrymky1v95q742v1zv-yamlfmt-0.21.0"
        },
        "x86_64-darwin": {
          "outputs": [
            {
              "name": "out",
              "path": "/nix/store/3r1q6h9p1gpp0z47zn6hjb1k8bnap7cm-yamlfmt-0.21.0",
              "default": true
            }
          ],
          "store_path": "/nix/store/3r1q6h9p1gpp0z47zn6hjb1k8bnap7cm-yamlfmt-0.21.0"
        },
        "x86_64-linux": {
          "outputs": [
            {
              "name": "out",
              "path": "/nix/store/1vqq4y6kxh8rxgpb4sf6n7mqb7rmrkgq-yamlfmt-0.21.0",
              "default": true
            }
          ],
          "store_path": "/nix/store/1vqq4y6kxh8rxgpb4sf6n7mqb7rmrkgq-yamlfmt-0.21.0"
        }
      }
    },
    "zizmor@1.24.1": {
      "last_modified": "2026-04-16T08:46:55Z",
      "resolved": "github:NixOS/nixpkgs/b86751bc4085f48661017fa226dee99fab6c651b#zizmor",
      "source": "devbox-search",
      "version": "1.24.1",
      "systems": {
        "aarch64-darwin": {
          "outputs": [
            {
              "name": "out",
              "path": "/nix/store/vad15g2gj69mi5bvd0wrmp1pk2jzym6v-zizmor-1.24.1",
              "default": true
            }
          ],
          "store_path": "/nix/store/vad15g2gj69mi5bvd0wrmp1pk2jzym6v-zizmor-1.24.1"
        },
        "aarch64-linux": {
          "outputs": [
            {
              "name": "out",
              "path": "/nix/store/q51pbjh4d46m4n30xb5vnkpiqz24sbnd-zizmor-1.24.1",
              "default": true
            }
          ],
          "store_path": "/nix/store/q51pbjh4d46m4n30xb5vnkpiqz24sbnd-zizmor-1.24.1"
        },
        "x86_64-darwin": {
          "outputs": [
            {
              "name": "out",
              "path": "/nix/store/4fa4w5qp8nffkysw5c10xl5xws7b3lp4-zizmor-1.24.1",
              "default": true
            }
          ],
          "store_path": "/nix/store/4fa4w5qp8nffkysw5c10xl5xws7b3lp4-zizmor-1.24.1"
        },
        "x86_64-linux": {
          "outputs": [
            {
              "name": "out",
              "path": "/nix/store/bg3gb4nxm9sysg4d9wmar1i90ra02mb0-zizmor-1.24.1",
              "default": true
            }
          ],
          "store_path": "/nix/store/bg3gb4nxm9sysg4d9wmar1i90ra02mb0-zizmor-1.24.1"
        }
      }
    }
  }
}
