{
  "lockfile_version": "1",
  "packages": {
    "actionlint@1.7.11": {
      "last_modified": "2026-02-23T15:40:43Z",
      "resolved": "github:NixOS/nixpkgs/80d901ec0377e19ac3f7bb8c035201e2e098cc97#actionlint",
      "source": "devbox-search",
      "version": "1.7.11",
      "systems": {
        "aarch64-darwin": {
          "outputs": [
            {
              "name": "out",
              "path": "/nix/store/lgjp3mb2wfk2mpfay8w62mk4jl2bg4gr-actionlint-1.7.11",
              "default": true
            }
          ],
          "store_path": "/nix/store/lgjp3mb2wfk2mpfay8w62mk4jl2bg4gr-actionlint-1.7.11"
        },
        "aarch64-linux": {
          "outputs": [
            {
              "name": "out",
              "path": "/nix/store/css8sdn6z2y71y9d0dbmnj6i5v5vcybv-actionlint-1.7.11",
              "default": true
            }
          ],
          "store_path": "/nix/store/css8sdn6z2y71y9d0dbmnj6i5v5vcybv-actionlint-1.7.11"
        },
        "x86_64-darwin": {
          "outputs": [
            {
              "name": "out",
              "path": "/nix/store/1snf915whqdd6579iig1icpk1lqc6khg-actionlint-1.7.11",
              "default": true
            }
          ],
          "store_path": "/nix/store/1snf915whqdd6579iig1icpk1lqc6khg-actionlint-1.7.11"
        },
        "x86_64-linux": {
          "outputs": [
            {
              "name": "out",
              "path": "/nix/store/pafy6lli47c2fhrnxanz4wdmcy9932ix-actionlint-1.7.11",
              "default": true
            }
          ],
          "store_path": "/nix/store/pafy6lli47c2fhrnxanz4wdmcy9932ix-actionlint-1.7.11"
        }
      }
    },
    "biome@2.4.7": {
      "last_modified": "2026-03-14T16:50:54Z",
      "resolved": "github:NixOS/nixpkgs/e80236013dc8b77aa49ca90e7a12d86f5d8d64c9#biome",
      "source": "devbox-search",
      "version": "2.4.7",
      "systems": {
        "aarch64-darwin": {
          "outputs": [
            {
              "name": "out",
              "path": "/nix/store/mkcimqzjsmnd8sc6g3ackvi99sjnbxwy-biome-2.4.7",
              "default": true
            }
          ],
          "store_path": "/nix/store/mkcimqzjsmnd8sc6g3ackvi99sjnbxwy-biome-2.4.7"
        },
        "aarch64-linux": {
          "outputs": [
            {
              "name": "out",
              "path": "/nix/store/7x5gd4alsw9id42vxq2qq86by39708dw-biome-2.4.7",
              "default": true
            }
          ],
          "store_path": "/nix/store/7x5gd4alsw9id42vxq2qq86by39708dw-biome-2.4.7"
        },
        "x86_64-darwin": {
          "outputs": [
            {
              "name": "out",
              "path": "/nix/store/8cy7p9a834w3zacqz9am2iqcr06jz67f-biome-2.4.7",
              "default": true
            }
          ],
          "store_path": "/nix/store/8cy7p9a834w3zacqz9am2iqcr06jz67f-biome-2.4.7"
        },
        "x86_64-linux": {
          "outputs": [
            {
              "name": "out",
              "path": "/nix/store/b0wd8iqzz2cqx389qav1c5h5cv87dmb5-biome-2.4.7",
              "default": true
            }
          ],
          "store_path": "/nix/store/b0wd8iqzz2cqx389qav1c5h5cv87dmb5-biome-2.4.7"
        }
      }
    },
    "formatjson5@0.2.6": {
      "last_modified": "2026-02-23T15:40:43Z",
      "resolved": "github:NixOS/nixpkgs/80d901ec0377e19ac3f7bb8c035201e2e098cc97#formatjson5",
      "source": "devbox-search",
      "version": "0.2.6",
      "systems": {
        "aarch64-darwin": {
          "outputs": [
            {
              "name": "out",
              "path": "/nix/store/437ivzlhr3s0n89b1y1j9jcng116vir5-formatjson5-0.2.6",
              "default": true
            }
          ],
          "store_path": "/nix/store/437ivzlhr3s0n89b1y1j9jcng116vir5-formatjson5-0.2.6"
        },
        "aarch64-linux": {
          "outputs": [
            {
              "name": "out",
              "path": "/nix/store/8b18lb72hjnhdk4a61rqbg7fi2qlzngl-formatjson5-0.2.6",
              "default": true
            }
          ],
          "store_path": "/nix/store/8b18lb72hjnhdk4a61rqbg7fi2qlzngl-formatjson5-0.2.6"
        },
        "x86_64-darwin": {
          "outputs": [
            {
              "name": "out",
              "path": "/nix/store/8g9wvz4nza38q22s8wh7x7l5drw3bg3v-formatjson5-0.2.6",
              "default": true
            }
          ],
          "store_path": "/nix/store/8g9wvz4nza38q22s8wh7x7l5drw3bg3v-formatjson5-0.2.6"
        },
        "x86_64-linux": {
          "outputs": [
            {
              "name": "out",
              "path": "/nix/store/ynnz5ckxfgdw8k1gv2k03az0kxagp00w-formatjson5-0.2.6",
              "default": true
            }
          ],
          "store_path": "/nix/store/ynnz5ckxfgdw8k1gv2k03az0kxagp00w-formatjson5-0.2.6"
        }
      }
    },
    "ghalint@1.5.5": {
      "last_modified": "2026-03-01T09:58:01Z",
      "resolved": "github:NixOS/nixpkgs/42bbf3e1e000963f4f3f37daa822c67c4d8856c4#ghalint",
      "source": "devbox-search",
      "version": "1.5.5",
      "systems": {
        "aarch64-darwin": {
          "outputs": [
            {
              "name": "out",
              "path": "/nix/store/yspy9652py6l570c2rx308783qw59q91-ghalint-1.5.5",
              "default": true
            }
          ],
          "store_path": "/nix/store/yspy9652py6l570c2rx308783qw59q91-ghalint-1.5.5"
        },
        "aarch64-linux": {
          "outputs": [
            {
              "name": "out",
              "path": "/nix/store/7jsqk8lrd7kvvc2qvgy57i0yvwl4ad0p-ghalint-1.5.5",
              "default": true
            }
          ],
          "store_path": "/nix/store/7jsqk8lrd7kvvc2qvgy57i0yvwl4ad0p-ghalint-1.5.5"
        },
        "x86_64-darwin": {
          "outputs": [
            {
              "name": "out",
              "path": "/nix/store/yiqbvk667r2mqd4zfagfbdidrzvj88bg-ghalint-1.5.5",
              "default": true
            }
          ],
          "store_path": "/nix/store/yiqbvk667r2mqd4zfagfbdidrzvj88bg-ghalint-1.5.5"
        },
        "x86_64-linux": {
          "outputs": [
            {
              "name": "out",
              "path": "/nix/store/cc9ly7zchdk267dn18i77gp4qyjb7zhb-ghalint-1.5.5",
              "default": true
            }
          ],
          "store_path": "/nix/store/cc9ly7zchdk267dn18i77gp4qyjb7zhb-ghalint-1.5.5"
        }
      }
    },
    "github:NixOS/nixpkgs/nixpkgs-unstable": {
      "last_modified": "2026-03-06T04:25:18Z",
      "resolved": "github:NixOS/nixpkgs/e38213b91d3786389a446dfce4ff5a8aaf6012f2?lastModified=1772771118&narHash=sha256-xWzaTvmmACR%2FSRWtABgI%2FZ97lcqwJAeoSd5QW1KdK1s%3D"
    },
    "gojq@0.12.18": {
      "last_modified": "2026-02-23T15:40:43Z",
      "resolved": "github:NixOS/nixpkgs/80d901ec0377e19ac3f7bb8c035201e2e098cc97#gojq",
      "source": "devbox-search",
      "version": "0.12.18",
      "systems": {
        "aarch64-darwin": {
          "outputs": [
            {
              "name": "out",
              "path": "/nix/store/8vaa7spczs2zwg8992jqc3ykvabi2s01-gojq-0.12.18",
              "default": true
            }
          ],
          "store_path": "/nix/store/8vaa7spczs2zwg8992jqc3ykvabi2s01-gojq-0.12.18"
        },
        "aarch64-linux": {
          "outputs": [
            {
              "name": "out",
              "path": "/nix/store/gnanrcna0nixsf8bgxm6cq2jx1bvrfyz-gojq-0.12.18",
              "default": true
            }
          ],
          "store_path": "/nix/store/gnanrcna0nixsf8bgxm6cq2jx1bvrfyz-gojq-0.12.18"
        },
        "x86_64-darwin": {
          "outputs": [
            {
              "name": "out",
              "path": "/nix/store/3jihblldgz91k0v5c6s2jwms6ggjxpsl-gojq-0.12.18",
              "default": true
            }
          ],
          "store_path": "/nix/store/3jihblldgz91k0v5c6s2jwms6ggjxpsl-gojq-0.12.18"
        },
        "x86_64-linux": {
          "outputs": [
            {
              "name": "out",
              "path": "/nix/store/bj2afib70841kjiw2cqir5r410mf63y0-gojq-0.12.18",
              "default": true
            }
          ],
          "store_path": "/nix/store/bj2afib70841kjiw2cqir5r410mf63y0-gojq-0.12.18"
        }
      }
    },
    "ktfmt@0.51": {
      "last_modified": "2026-02-23T15:40:43Z",
      "resolved": "github:NixOS/nixpkgs/80d901ec0377e19ac3f7bb8c035201e2e098cc97#ktfmt",
      "source": "devbox-search",
      "version": "0.51",
      "systems": {
        "aarch64-darwin": {
          "outputs": [
            {
              "name": "out",
              "path": "/nix/store/7bykbg9gvljkqq3j9149iz3zz7mdgp59-ktfmt-0.51",
              "default": true
            }
          ],
          "store_path": "/nix/store/7bykbg9gvljkqq3j9149iz3zz7mdgp59-ktfmt-0.51"
        },
        "aarch64-linux": {
          "outputs": [
            {
              "name": "out",
              "path": "/nix/store/k1whvikppd690g1hy4rggfqplzsk52b2-ktfmt-0.51",
              "default": true
            }
          ],
          "store_path": "/nix/store/k1whvikppd690g1hy4rggfqplzsk52b2-ktfmt-0.51"
        },
        "x86_64-darwin": {
          "outputs": [
            {
              "name": "out",
              "path": "/nix/store/m69cb1icg8j8wgq0mmv1cp6k9x11ipg9-ktfmt-0.51",
              "default": true
            }
          ],
          "store_path": "/nix/store/m69cb1icg8j8wgq0mmv1cp6k9x11ipg9-ktfmt-0.51"
        },
        "x86_64-linux": {
          "outputs": [
            {
              "name": "out",
              "path": "/nix/store/jh2b6mzhscgh37q00ljjf4c1f1m04fbs-ktfmt-0.51",
              "default": true
            }
          ],
          "store_path": "/nix/store/jh2b6mzhscgh37q00ljjf4c1f1m04fbs-ktfmt-0.51"
        }
      }
    },
    "mado@0.3.0": {
      "last_modified": "2026-02-23T15:40:43Z",
      "resolved": "github:NixOS/nixpkgs/80d901ec0377e19ac3f7bb8c035201e2e098cc97#mado",
      "source": "devbox-search",
      "version": "0.3.0",
      "systems": {
        "aarch64-darwin": {
          "outputs": [
            {
              "name": "out",
              "path": "/nix/store/q37rqal19679310vr3gvlv3i3lbbld7m-mado-0.3.0",
              "default": true
            }
          ],
          "store_path": "/nix/store/q37rqal19679310vr3gvlv3i3lbbld7m-mado-0.3.0"
        },
        "aarch64-linux": {
          "outputs": [
            {
              "name": "out",
              "path": "/nix/store/f7ah637qgfpsy2k7ziyk7pmjwyihbxni-mado-0.3.0",
              "default": true
            }
          ],
          "store_path": "/nix/store/f7ah637qgfpsy2k7ziyk7pmjwyihbxni-mado-0.3.0"
        },
        "x86_64-darwin": {
          "outputs": [
            {
              "name": "out",
              "path": "/nix/store/xr3w6dqdf2c2hcp4zkq3qbpzqpm86wfy-mado-0.3.0",
              "default": true
            }
          ],
          "store_path": "/nix/store/xr3w6dqdf2c2hcp4zkq3qbpzqpm86wfy-mado-0.3.0"
        },
        "x86_64-linux": {
          "outputs": [
            {
              "name": "out",
              "path": "/nix/store/3va533ya9lbld8vkk2jaqiq589rfqkqg-mado-0.3.0",
              "default": true
            }
          ],
          "store_path": "/nix/store/3va533ya9lbld8vkk2jaqiq589rfqkqg-mado-0.3.0"
        }
      }
    },
    "moreutils@0.70": {
      "last_modified": "2026-03-02T11:03:52Z",
      "resolved": "github:NixOS/nixpkgs/dc7513872406b53d2ff417a003895d6daffdff2f#moreutils",
      "source": "devbox-search",
      "version": "0.70",
      "systems": {
        "aarch64-darwin": {
          "outputs": [
            {
              "name": "out",
              "path": "/nix/store/xh01gzaar4mkpqahyzdbfl1www9b6rnl-moreutils-0.70",
              "default": true
            }
          ],
          "store_path": "/nix/store/xh01gzaar4mkpqahyzdbfl1www9b6rnl-moreutils-0.70"
        },
        "aarch64-linux": {
          "outputs": [
            {
              "name": "out",
              "path": "/nix/store/prjv3nagmjqnns2nimn5fw1ahxs3sy93-moreutils-0.70",
              "default": true
            }
          ],
          "store_path": "/nix/store/prjv3nagmjqnns2nimn5fw1ahxs3sy93-moreutils-0.70"
        },
        "x86_64-darwin": {
          "outputs": [
            {
              "name": "out",
              "path": "/nix/store/hdhk4p52fr14rf16jm39akr5pmxin35l-moreutils-0.70",
              "default": true
            }
          ],
          "store_path": "/nix/store/hdhk4p52fr14rf16jm39akr5pmxin35l-moreutils-0.70"
        },
        "x86_64-linux": {
          "outputs": [
            {
              "name": "out",
              "path": "/nix/store/qj10ldmx1jg62bbqcmwigkmwj8d5dngw-moreutils-0.70",
              "default": true
            }
          ],
          "store_path": "/nix/store/qj10ldmx1jg62bbqcmwigkmwj8d5dngw-moreutils-0.70"
        }
      }
    },
    "renovate@43.59.4": {
      "last_modified": "2026-03-15T17:58:12Z",
      "resolved": "github:NixOS/nixpkgs/a07d4ce6bee67d7c838a8a5796e75dff9caa21ef#renovate",
      "source": "devbox-search",
      "version": "43.59.4",
      "systems": {
        "aarch64-darwin": {
          "outputs": [
            {
              "name": "out",
              "path": "/nix/store/6jbg3dwnvcgn7z90dh1z1qcjfwadpcxx-renovate-43.59.4",
              "default": true
            }
          ],
          "store_path": "/nix/store/6jbg3dwnvcgn7z90dh1z1qcjfwadpcxx-renovate-43.59.4"
        },
        "aarch64-linux": {
          "outputs": [
            {
              "name": "out",
              "path": "/nix/store/l6ikky8vpnv37s2m5vgcddr3sw3473lj-renovate-43.59.4",
              "default": true
            }
          ],
          "store_path": "/nix/store/l6ikky8vpnv37s2m5vgcddr3sw3473lj-renovate-43.59.4"
        },
        "x86_64-darwin": {
          "outputs": [
            {
              "name": "out",
              "path": "/nix/store/r7ar1ib572841pw43g0gzqm4xg3ighg3-renovate-43.59.4",
              "default": true
            }
          ],
          "store_path": "/nix/store/r7ar1ib572841pw43g0gzqm4xg3ighg3-renovate-43.59.4"
        },
        "x86_64-linux": {
          "outputs": [
            {
              "name": "out",
              "path": "/nix/store/w7cnwixpbkmg91gba0gyvrsgcy80a07r-renovate-43.59.4",
              "default": true
            }
          ],
          "store_path": "/nix/store/w7cnwixpbkmg91gba0gyvrsgcy80a07r-renovate-43.59.4"
        }
      }
    },
    "rumdl@0.1.39": {
      "last_modified": "2026-03-05T01:30:23Z",
      "resolved": "github:NixOS/nixpkgs/66d9241e3dc2296726dc522e62dbfe89c7b449f3#rumdl",
      "source": "devbox-search",
      "version": "0.1.39",
      "systems": {
        "aarch64-darwin": {
          "outputs": [
            {
              "name": "out",
              "path": "/nix/store/j2wy0dkpi9348anx31j8j4m3kiccnbrs-rumdl-0.1.39",
              "default": true
            }
          ],
          "store_path": "/nix/store/j2wy0dkpi9348anx31j8j4m3kiccnbrs-rumdl-0.1.39"
        },
        "aarch64-linux": {
          "outputs": [
            {
              "name": "out",
              "path": "/nix/store/43d9bmj0p90xqsdy6a430f4wbq16ddln-rumdl-0.1.39",
              "default": true
            }
          ],
          "store_path": "/nix/store/43d9bmj0p90xqsdy6a430f4wbq16ddln-rumdl-0.1.39"
        },
        "x86_64-darwin": {
          "outputs": [
            {
              "name": "out",
              "path": "/nix/store/dwwnm8j2bwqzada39ks4g86d4h13rmz8-rumdl-0.1.39",
              "default": true
            }
          ],
          "store_path": "/nix/store/dwwnm8j2bwqzada39ks4g86d4h13rmz8-rumdl-0.1.39"
        },
        "x86_64-linux": {
          "outputs": [
            {
              "name": "out",
              "path": "/nix/store/s78zbj70hk2g33sd2z4zq3vy4k4acmzi-rumdl-0.1.39",
              "default": true
            }
          ],
          "store_path": "/nix/store/s78zbj70hk2g33sd2z4zq3vy4k4acmzi-rumdl-0.1.39"
        }
      }
    },
    "stdenv.cc.cc.lib": {
      "resolved": "github:NixOS/nixpkgs/890f57fde071de281cd0e950cd80ea3e1ab55e75?narHash=sha256-RCNYRb7zHt%2BqycQwfTD%2FZxnbd4Sxi2fgvkeAljtLEOs%3D#stdenv.cc.cc.lib",
      "source": "nixpkg",
      "systems": {
        "x86_64-linux": {
          "outputs": [
            {
              "name": "lib",
              "path": "/tmp/containerbase/cache/nix/store/crk7xrp5r4dxam9pdzm67zzggm6105km-gcc-14.3.0-lib",
              "default": true
            }
          ]
        }
      }
    },
    "temurin-bin@21.0.8": {
      "last_modified": "2025-10-22T20:59:19Z",
      "resolved": "github:NixOS/nixpkgs/01b6809f7f9d1183a2b3e081f0a1e6f8f415cb09#temurin-bin",
      "source": "devbox-search",
      "version": "21.0.8",
      "systems": {
        "aarch64-darwin": {
          "outputs": [
            {
              "name": "out",
              "path": "/nix/store/x39311498bh7sb2ag1fjikgv7i0ll5qb-temurin-bin-21.0.8",
              "default": true
            }
          ],
          "store_path": "/nix/store/x39311498bh7sb2ag1fjikgv7i0ll5qb-temurin-bin-21.0.8"
        },
        "aarch64-linux": {
          "outputs": [
            {
              "name": "out",
              "path": "/nix/store/3q60g6x4qf2wfvbalnyx1510n9gwbd5j-temurin-bin-21.0.8",
              "default": true
            }
          ],
          "store_path": "/nix/store/3q60g6x4qf2wfvbalnyx1510n9gwbd5j-temurin-bin-21.0.8"
        },
        "x86_64-darwin": {
          "outputs": [
            {
              "name": "out",
              "path": "/nix/store/q0y2plx55rmhyqbindyfg01xwjj45da6-temurin-bin-21.0.8",
              "default": true
            }
          ],
          "store_path": "/nix/store/q0y2plx55rmhyqbindyfg01xwjj45da6-temurin-bin-21.0.8"
        },
        "x86_64-linux": {
          "outputs": [
            {
              "name": "out",
              "path": "/nix/store/x1f6yd37mb7lfp61xh585vrfjs3cgw99-temurin-bin-21.0.8",
              "default": true
            }
          ],
          "store_path": "/nix/store/x1f6yd37mb7lfp61xh585vrfjs3cgw99-temurin-bin-21.0.8"
        }
      }
    },
    "tombi@0.9.2": {
      "last_modified": "2026-03-08T08:02:12Z",
      "resolved": "github:NixOS/nixpkgs/608d0cadfed240589a7eea422407a547ad626a14#tombi",
      "source": "devbox-search",
      "version": "0.9.2",
      "systems": {
        "aarch64-darwin": {
          "outputs": [
            {
              "name": "out",
              "path": "/nix/store/phkz0y5krvx20n8942dc8xnjayxk1y76-tombi-0.9.2",
              "default": true
            }
          ],
          "store_path": "/nix/store/phkz0y5krvx20n8942dc8xnjayxk1y76-tombi-0.9.2"
        },
        "aarch64-linux": {
          "outputs": [
            {
              "name": "out",
              "path": "/nix/store/0jc0hq4vdc4ak1gyglp5gza4n1r9mvqj-tombi-0.9.2",
              "default": true
            }
          ],
          "store_path": "/nix/store/0jc0hq4vdc4ak1gyglp5gza4n1r9mvqj-tombi-0.9.2"
        },
        "x86_64-darwin": {
          "outputs": [
            {
              "name": "out",
              "path": "/nix/store/g9ai479wmpjrkd6zz9r3gmrf6426w039-tombi-0.9.2",
              "default": true
            }
          ],
          "store_path": "/nix/store/g9ai479wmpjrkd6zz9r3gmrf6426w039-tombi-0.9.2"
        },
        "x86_64-linux": {
          "outputs": [
            {
              "name": "out",
              "path": "/nix/store/k55hql7i7qlc6521aa888a41kxsgjz6k-tombi-0.9.2",
              "default": true
            }
          ],
          "store_path": "/nix/store/k55hql7i7qlc6521aa888a41kxsgjz6k-tombi-0.9.2"
        }
      }
    },
    "toml-sort@0.24.3": {
      "last_modified": "2026-02-23T15:40:43Z",
      "resolved": "github:NixOS/nixpkgs/80d901ec0377e19ac3f7bb8c035201e2e098cc97#toml-sort",
      "source": "devbox-search",
      "version": "0.24.3",
      "systems": {
        "aarch64-darwin": {
          "outputs": [
            {
              "name": "out",
              "path": "/nix/store/6s39rkpj5kpl7qka0v2ghfhr0ay210f6-toml-sort-0.24.3",
              "default": true
            },
            {
              "name": "dist",
              "path": "/nix/store/5rkgd6jmdpf1jsgxlllgxc0y7gy8ad0d-toml-sort-0.24.3-dist"
            }
          ],
          "store_path": "/nix/store/6s39rkpj5kpl7qka0v2ghfhr0ay210f6-toml-sort-0.24.3"
        },
        "aarch64-linux": {
          "outputs": [
            {
              "name": "out",
              "path": "/nix/store/f24w75d2l4sxhxxg30jp4383pa325dqk-toml-sort-0.24.3",
              "default": true
            },
            {
              "name": "dist",
              "path": "/nix/store/1lpksl5zsf3n7d791can1j3ksnzb3fx0-toml-sort-0.24.3-dist"
            }
          ],
          "store_path": "/nix/store/f24w75d2l4sxhxxg30jp4383pa325dqk-toml-sort-0.24.3"
        },
        "x86_64-darwin": {
          "outputs": [
            {
              "name": "out",
              "path": "/nix/store/kmqpp4zs4ymyyrpxkkqiqgbcjk0mw5hy-toml-sort-0.24.3",
              "default": true
            },
            {
              "name": "dist",
              "path": "/nix/store/ds7cy3dagr7bbynll3fz4v2j62zmzxlx-toml-sort-0.24.3-dist"
            }
          ],
          "store_path": "/nix/store/kmqpp4zs4ymyyrpxkkqiqgbcjk0mw5hy-toml-sort-0.24.3"
        },
        "x86_64-linux": {
          "outputs": [
            {
              "name": "out",
              "path": "/nix/store/0y74szziifw5q07ch5d8kwjm2fs4aj5m-toml-sort-0.24.3",
              "default": true
            },
            {
              "name": "dist",
              "path": "/nix/store/s3zngqb0fwkiva8ifd1l232zqgykfxk4-toml-sort-0.24.3-dist"
            }
          ],
          "store_path": "/nix/store/0y74szziifw5q07ch5d8kwjm2fs4aj5m-toml-sort-0.24.3"
        }
      }
    },
    "treefmt@2.4.1": {
      "last_modified": "2026-03-01T09:58:01Z",
      "resolved": "github:NixOS/nixpkgs/42bbf3e1e000963f4f3f37daa822c67c4d8856c4#treefmt",
      "source": "devbox-search",
      "version": "2.4.1",
      "systems": {
        "aarch64-darwin": {
          "outputs": [
            {
              "name": "out",
              "path": "/nix/store/igp8gv0rpa3fkx1p7y6m7n8x0lsfbp2w-treefmt-2.4.1",
              "default": true
            }
          ],
          "store_path": "/nix/store/igp8gv0rpa3fkx1p7y6m7n8x0lsfbp2w-treefmt-2.4.1"
        },
        "aarch64-linux": {
          "outputs": [
            {
              "name": "out",
              "path": "/nix/store/kq3niimrghkv36xdayggxhg4ykf1jm5x-treefmt-2.4.1",
              "default": true
            }
          ],
          "store_path": "/nix/store/kq3niimrghkv36xdayggxhg4ykf1jm5x-treefmt-2.4.1"
        },
        "x86_64-darwin": {
          "outputs": [
            {
              "name": "out",
              "path": "/nix/store/2p1617f0whyls4akywn5pjv328sy3j2n-treefmt-2.4.1",
              "default": true
            }
          ],
          "store_path": "/nix/store/2p1617f0whyls4akywn5pjv328sy3j2n-treefmt-2.4.1"
        },
        "x86_64-linux": {
          "outputs": [
            {
              "name": "out",
              "path": "/nix/store/fwm9dj1445f55qyxxld8lv3lvazmnvyi-treefmt-2.4.1",
              "default": true
            }
          ],
          "store_path": "/nix/store/fwm9dj1445f55qyxxld8lv3lvazmnvyi-treefmt-2.4.1"
        }
      }
    },
    "typos@1.44.0": {
      "last_modified": "2026-03-02T19:25:24Z",
      "resolved": "github:NixOS/nixpkgs/4215e62dc2cd3bc705b0a423b9719ff6be378a43#typos",
      "source": "devbox-search",
      "version": "1.44.0",
      "systems": {
        "aarch64-darwin": {
          "outputs": [
            {
              "name": "out",
              "path": "/nix/store/wdy1sqvqhxdcbr2ilf91cni4dmfddb1z-typos-1.44.0",
              "default": true
            }
          ],
          "store_path": "/nix/store/wdy1sqvqhxdcbr2ilf91cni4dmfddb1z-typos-1.44.0"
        },
        "aarch64-linux": {
          "outputs": [
            {
              "name": "out",
              "path": "/nix/store/nczjfm7lmb80nxkw1fc7fqbn21zz6ac3-typos-1.44.0",
              "default": true
            }
          ],
          "store_path": "/nix/store/nczjfm7lmb80nxkw1fc7fqbn21zz6ac3-typos-1.44.0"
        },
        "x86_64-darwin": {
          "outputs": [
            {
              "name": "out",
              "path": "/nix/store/y6m0km1mjs4yaaz1qf6k6v95m90v4hmi-typos-1.44.0",
              "default": true
            }
          ],
          "store_path": "/nix/store/y6m0km1mjs4yaaz1qf6k6v95m90v4hmi-typos-1.44.0"
        },
        "x86_64-linux": {
          "outputs": [
            {
              "name": "out",
              "path": "/nix/store/ny41wz21x8hry1glarhmgf4kcpp6zd9g-typos-1.44.0",
              "default": true
            }
          ],
          "store_path": "/nix/store/ny41wz21x8hry1glarhmgf4kcpp6zd9g-typos-1.44.0"
        }
      }
    },
    "yamlfmt@0.21.0": {
      "last_modified": "2026-02-23T15:40:43Z",
      "resolved": "github:NixOS/nixpkgs/80d901ec0377e19ac3f7bb8c035201e2e098cc97#yamlfmt",
      "source": "devbox-search",
      "version": "0.21.0",
      "systems": {
        "aarch64-darwin": {
          "outputs": [
            {
              "name": "out",
              "path": "/nix/store/arkrq4jp156qsz885j2nzwh7k71w2lsi-yamlfmt-0.21.0",
              "default": true
            }
          ],
          "store_path": "/nix/store/arkrq4jp156qsz885j2nzwh7k71w2lsi-yamlfmt-0.21.0"
        },
        "aarch64-linux": {
          "outputs": [
            {
              "name": "out",
              "path": "/nix/store/xc9wp1i4vq32cr8vks2n3280nsq6pbb7-yamlfmt-0.21.0",
              "default": true
            }
          ],
          "store_path": "/nix/store/xc9wp1i4vq32cr8vks2n3280nsq6pbb7-yamlfmt-0.21.0"
        },
        "x86_64-darwin": {
          "outputs": [
            {
              "name": "out",
              "path": "/nix/store/4kyahd4lz9p5wi89fm8wia44wfmq551p-yamlfmt-0.21.0",
              "default": true
            }
          ],
          "store_path": "/nix/store/4kyahd4lz9p5wi89fm8wia44wfmq551p-yamlfmt-0.21.0"
        },
        "x86_64-linux": {
          "outputs": [
            {
              "name": "out",
              "path": "/nix/store/chr1cr56p1849pnll0bffh6s7529inc4-yamlfmt-0.21.0",
              "default": true
            }
          ],
          "store_path": "/nix/store/chr1cr56p1849pnll0bffh6s7529inc4-yamlfmt-0.21.0"
        }
      }
    },
    "zizmor@1.22.0": {
      "last_modified": "2026-02-23T15:40:43Z",
      "resolved": "github:NixOS/nixpkgs/80d901ec0377e19ac3f7bb8c035201e2e098cc97#zizmor",
      "source": "devbox-search",
      "version": "1.22.0",
      "systems": {
        "aarch64-darwin": {
          "outputs": [
            {
              "name": "out",
              "path": "/nix/store/j3nc0mqid1z3l4q4546nakajy1hs2kkz-zizmor-1.22.0",
              "default": true
            }
          ],
          "store_path": "/nix/store/j3nc0mqid1z3l4q4546nakajy1hs2kkz-zizmor-1.22.0"
        },
        "aarch64-linux": {
          "outputs": [
            {
              "name": "out",
              "path": "/nix/store/lr8pfsfx85dyl8l8hsrdcbrqgpaa212s-zizmor-1.22.0",
              "default": true
            }
          ],
          "store_path": "/nix/store/lr8pfsfx85dyl8l8hsrdcbrqgpaa212s-zizmor-1.22.0"
        },
        "x86_64-darwin": {
          "outputs": [
            {
              "name": "out",
              "path": "/nix/store/grv48vjqys64mf8w5r22iy0d043sarw4-zizmor-1.22.0",
              "default": true
            }
          ],
          "store_path": "/nix/store/grv48vjqys64mf8w5r22iy0d043sarw4-zizmor-1.22.0"
        },
        "x86_64-linux": {
          "outputs": [
            {
              "name": "out",
              "path": "/nix/store/1vsvi6yi3w1g479dxjv7pw5mb60qh96g-zizmor-1.22.0",
              "default": true
            }
          ],
          "store_path": "/nix/store/1vsvi6yi3w1g479dxjv7pw5mb60qh96g-zizmor-1.22.0"
        }
      }
    }
  }
}
