{
  "lockfile_version": "1",
  "packages": {
    "actionlint@1.7.10": {
      "last_modified": "2026-01-23T17:20:52Z",
      "resolved": "github:NixOS/nixpkgs/a1bab9e494f5f4939442a57a58d0449a109593fe#actionlint",
      "source": "devbox-search",
      "version": "1.7.10",
      "systems": {
        "aarch64-darwin": {
          "outputs": [
            {
              "name": "out",
              "path": "/nix/store/92yl15p354llm4lkdq2vjvscljfdp03q-actionlint-1.7.10",
              "default": true
            }
          ],
          "store_path": "/nix/store/92yl15p354llm4lkdq2vjvscljfdp03q-actionlint-1.7.10"
        },
        "aarch64-linux": {
          "outputs": [
            {
              "name": "out",
              "path": "/nix/store/c756x60xjyyfc1p09670im6ms6b75lxg-actionlint-1.7.10",
              "default": true
            }
          ],
          "store_path": "/nix/store/c756x60xjyyfc1p09670im6ms6b75lxg-actionlint-1.7.10"
        },
        "x86_64-darwin": {
          "outputs": [
            {
              "name": "out",
              "path": "/nix/store/9n2c90qk316b5xsll2ndsfsl7jrccjhc-actionlint-1.7.10",
              "default": true
            }
          ],
          "store_path": "/nix/store/9n2c90qk316b5xsll2ndsfsl7jrccjhc-actionlint-1.7.10"
        },
        "x86_64-linux": {
          "outputs": [
            {
              "name": "out",
              "path": "/nix/store/r9iw80i3mm22lj116h1bxvnc53kkry2s-actionlint-1.7.10",
              "default": true
            }
          ],
          "store_path": "/nix/store/r9iw80i3mm22lj116h1bxvnc53kkry2s-actionlint-1.7.10"
        }
      }
    },
    "biome@2.3.15": {
      "last_modified": "2026-02-15T09:18:18Z",
      "resolved": "github:NixOS/nixpkgs/e3cb16bccd9facebae3ba29c6a76a4cc1b73462a#biome",
      "source": "devbox-search",
      "version": "2.3.15",
      "systems": {
        "aarch64-darwin": {
          "outputs": [
            {
              "name": "out",
              "path": "/nix/store/7lja2jqcczrxsjfsip4r8wk29vvjx7bv-biome-2.3.15",
              "default": true
            }
          ],
          "store_path": "/nix/store/7lja2jqcczrxsjfsip4r8wk29vvjx7bv-biome-2.3.15"
        },
        "aarch64-linux": {
          "outputs": [
            {
              "name": "out",
              "path": "/nix/store/dp9rs8fvsfaf6fcyz51ic8hasd021w36-biome-2.3.15",
              "default": true
            }
          ],
          "store_path": "/nix/store/dp9rs8fvsfaf6fcyz51ic8hasd021w36-biome-2.3.15"
        },
        "x86_64-darwin": {
          "outputs": [
            {
              "name": "out",
              "path": "/nix/store/7k814m69k13gnskzgsm0xyinpvb2i8wq-biome-2.3.15",
              "default": true
            }
          ],
          "store_path": "/nix/store/7k814m69k13gnskzgsm0xyinpvb2i8wq-biome-2.3.15"
        },
        "x86_64-linux": {
          "outputs": [
            {
              "name": "out",
              "path": "/nix/store/lcm2zm0mwqjrzaj83d45z71vy3b51734-biome-2.3.15",
              "default": true
            }
          ],
          "store_path": "/nix/store/lcm2zm0mwqjrzaj83d45z71vy3b51734-biome-2.3.15"
        }
      }
    },
    "formatjson5@0.2.6": {
      "last_modified": "2026-01-23T17:20:52Z",
      "resolved": "github:NixOS/nixpkgs/a1bab9e494f5f4939442a57a58d0449a109593fe#formatjson5",
      "source": "devbox-search",
      "version": "0.2.6",
      "systems": {
        "aarch64-darwin": {
          "outputs": [
            {
              "name": "out",
              "path": "/nix/store/6k7qcxcfzflvh88c0pk4nwg76xmf8f75-formatjson5-0.2.6",
              "default": true
            }
          ],
          "store_path": "/nix/store/6k7qcxcfzflvh88c0pk4nwg76xmf8f75-formatjson5-0.2.6"
        },
        "aarch64-linux": {
          "outputs": [
            {
              "name": "out",
              "path": "/nix/store/6mp4l8gkycq0yhl0s2l80gj5cv27jmdg-formatjson5-0.2.6",
              "default": true
            }
          ],
          "store_path": "/nix/store/6mp4l8gkycq0yhl0s2l80gj5cv27jmdg-formatjson5-0.2.6"
        },
        "x86_64-darwin": {
          "outputs": [
            {
              "name": "out",
              "path": "/nix/store/ky58cpmz6bz0qcvq6x7vri3x3l4wl8ac-formatjson5-0.2.6",
              "default": true
            }
          ],
          "store_path": "/nix/store/ky58cpmz6bz0qcvq6x7vri3x3l4wl8ac-formatjson5-0.2.6"
        },
        "x86_64-linux": {
          "outputs": [
            {
              "name": "out",
              "path": "/nix/store/s7a618q2a7m1xvdqlawpwcmg1wphf26i-formatjson5-0.2.6",
              "default": true
            }
          ],
          "store_path": "/nix/store/s7a618q2a7m1xvdqlawpwcmg1wphf26i-formatjson5-0.2.6"
        }
      }
    },
    "ghalint@1.5.4": {
      "last_modified": "2026-01-23T17:20:52Z",
      "resolved": "github:NixOS/nixpkgs/a1bab9e494f5f4939442a57a58d0449a109593fe#ghalint",
      "source": "devbox-search",
      "version": "1.5.4",
      "systems": {
        "aarch64-darwin": {
          "outputs": [
            {
              "name": "out",
              "path": "/nix/store/qx7xixl77ll070m2c9zyyak8jplnrf6a-ghalint-1.5.4",
              "default": true
            }
          ],
          "store_path": "/nix/store/qx7xixl77ll070m2c9zyyak8jplnrf6a-ghalint-1.5.4"
        },
        "aarch64-linux": {
          "outputs": [
            {
              "name": "out",
              "path": "/nix/store/jn4p9wsbcj0mzri336fi7rl62x2hrjrs-ghalint-1.5.4",
              "default": true
            }
          ],
          "store_path": "/nix/store/jn4p9wsbcj0mzri336fi7rl62x2hrjrs-ghalint-1.5.4"
        },
        "x86_64-darwin": {
          "outputs": [
            {
              "name": "out",
              "path": "/nix/store/7973bxq6ss4yzn1scxsc2983bgyifz23-ghalint-1.5.4",
              "default": true
            }
          ],
          "store_path": "/nix/store/7973bxq6ss4yzn1scxsc2983bgyifz23-ghalint-1.5.4"
        },
        "x86_64-linux": {
          "outputs": [
            {
              "name": "out",
              "path": "/nix/store/mkvk8c04ajs3h60mddx64vffsa4w5djl-ghalint-1.5.4",
              "default": true
            }
          ],
          "store_path": "/nix/store/mkvk8c04ajs3h60mddx64vffsa4w5djl-ghalint-1.5.4"
        }
      }
    },
    "github:NixOS/nixpkgs/nixpkgs-unstable": {
      "last_modified": "2026-02-15T17:45:47Z",
      "resolved": "github:NixOS/nixpkgs/ac055f38c798b0d87695240c7b761b82fc7e5bc2?lastModified=1771177547&narHash=sha256-trTtk3WTOHz7hSw89xIIvahkgoFJYQ0G43IlqprFoMA%3D"
    },
    "gojq@0.12.18": {
      "last_modified": "2026-01-23T17:20:52Z",
      "resolved": "github:NixOS/nixpkgs/a1bab9e494f5f4939442a57a58d0449a109593fe#gojq",
      "source": "devbox-search",
      "version": "0.12.18",
      "systems": {
        "aarch64-darwin": {
          "outputs": [
            {
              "name": "out",
              "path": "/nix/store/4rbhm2fhhsspd7pbcs6g3rrxwslydx5i-gojq-0.12.18",
              "default": true
            }
          ],
          "store_path": "/nix/store/4rbhm2fhhsspd7pbcs6g3rrxwslydx5i-gojq-0.12.18"
        },
        "aarch64-linux": {
          "outputs": [
            {
              "name": "out",
              "path": "/nix/store/11s989ss58qw71z39fc4lx9jj01q0gdi-gojq-0.12.18",
              "default": true
            }
          ],
          "store_path": "/nix/store/11s989ss58qw71z39fc4lx9jj01q0gdi-gojq-0.12.18"
        },
        "x86_64-darwin": {
          "outputs": [
            {
              "name": "out",
              "path": "/nix/store/3hk41jc6jbaap95a2akxwmp7wwgi14n2-gojq-0.12.18",
              "default": true
            }
          ],
          "store_path": "/nix/store/3hk41jc6jbaap95a2akxwmp7wwgi14n2-gojq-0.12.18"
        },
        "x86_64-linux": {
          "outputs": [
            {
              "name": "out",
              "path": "/nix/store/yvxsccmm24hfg6ywg437z6vqxn4y35fb-gojq-0.12.18",
              "default": true
            }
          ],
          "store_path": "/nix/store/yvxsccmm24hfg6ywg437z6vqxn4y35fb-gojq-0.12.18"
        }
      }
    },
    "ktfmt@0.51": {
      "last_modified": "2026-01-23T17:20:52Z",
      "resolved": "github:NixOS/nixpkgs/a1bab9e494f5f4939442a57a58d0449a109593fe#ktfmt",
      "source": "devbox-search",
      "version": "0.51",
      "systems": {
        "aarch64-darwin": {
          "outputs": [
            {
              "name": "out",
              "path": "/nix/store/9j0fddn9000fd6nmw3afam73r3l67nfx-ktfmt-0.51",
              "default": true
            }
          ],
          "store_path": "/nix/store/9j0fddn9000fd6nmw3afam73r3l67nfx-ktfmt-0.51"
        },
        "aarch64-linux": {
          "outputs": [
            {
              "name": "out",
              "path": "/nix/store/h7hz2ha95sjldy0mlb3sa24f2bi1j5am-ktfmt-0.51",
              "default": true
            }
          ],
          "store_path": "/nix/store/h7hz2ha95sjldy0mlb3sa24f2bi1j5am-ktfmt-0.51"
        },
        "x86_64-darwin": {
          "outputs": [
            {
              "name": "out",
              "path": "/nix/store/yvwhihj4cb6shz0cch7aky8v07p00c77-ktfmt-0.51",
              "default": true
            }
          ],
          "store_path": "/nix/store/yvwhihj4cb6shz0cch7aky8v07p00c77-ktfmt-0.51"
        },
        "x86_64-linux": {
          "outputs": [
            {
              "name": "out",
              "path": "/nix/store/gj7p1j75wd4nafhnkbhsl6pjby5zi1pi-ktfmt-0.51",
              "default": true
            }
          ],
          "store_path": "/nix/store/gj7p1j75wd4nafhnkbhsl6pjby5zi1pi-ktfmt-0.51"
        }
      }
    },
    "mado@0.3.0": {
      "last_modified": "2026-01-23T17:20:52Z",
      "resolved": "github:NixOS/nixpkgs/a1bab9e494f5f4939442a57a58d0449a109593fe#mado",
      "source": "devbox-search",
      "version": "0.3.0",
      "systems": {
        "aarch64-darwin": {
          "outputs": [
            {
              "name": "out",
              "path": "/nix/store/mma3n6jw7g4az0s9lddfzkfh6blbp9ic-mado-0.3.0",
              "default": true
            }
          ],
          "store_path": "/nix/store/mma3n6jw7g4az0s9lddfzkfh6blbp9ic-mado-0.3.0"
        },
        "aarch64-linux": {
          "outputs": [
            {
              "name": "out",
              "path": "/nix/store/9rbvc5hlznbqrd546hv19af271vaqma3-mado-0.3.0",
              "default": true
            }
          ],
          "store_path": "/nix/store/9rbvc5hlznbqrd546hv19af271vaqma3-mado-0.3.0"
        },
        "x86_64-darwin": {
          "outputs": [
            {
              "name": "out",
              "path": "/nix/store/3knza3j6y6hsaz9r4rw001zf68nq8czx-mado-0.3.0",
              "default": true
            }
          ],
          "store_path": "/nix/store/3knza3j6y6hsaz9r4rw001zf68nq8czx-mado-0.3.0"
        },
        "x86_64-linux": {
          "outputs": [
            {
              "name": "out",
              "path": "/nix/store/h513s60d5s0w7937dkv0l5d43mhq35q9-mado-0.3.0",
              "default": true
            }
          ],
          "store_path": "/nix/store/h513s60d5s0w7937dkv0l5d43mhq35q9-mado-0.3.0"
        }
      }
    },
    "moreutils@0.70": {
      "last_modified": "2026-01-23T17:20:52Z",
      "resolved": "github:NixOS/nixpkgs/a1bab9e494f5f4939442a57a58d0449a109593fe#moreutils",
      "source": "devbox-search",
      "version": "0.70",
      "systems": {
        "aarch64-darwin": {
          "outputs": [
            {
              "name": "out",
              "path": "/nix/store/5b9h3kc1h3r5mfrh2sjxy9hadb526r10-moreutils-0.70",
              "default": true
            }
          ],
          "store_path": "/nix/store/5b9h3kc1h3r5mfrh2sjxy9hadb526r10-moreutils-0.70"
        },
        "aarch64-linux": {
          "outputs": [
            {
              "name": "out",
              "path": "/nix/store/jcn51c351fr5wgxn1wbm9ygxjpc39qla-moreutils-0.70",
              "default": true
            }
          ],
          "store_path": "/nix/store/jcn51c351fr5wgxn1wbm9ygxjpc39qla-moreutils-0.70"
        },
        "x86_64-darwin": {
          "outputs": [
            {
              "name": "out",
              "path": "/nix/store/zwinzrlfpgvlxcbpaaz3j3bz179fsr5x-moreutils-0.70",
              "default": true
            }
          ],
          "store_path": "/nix/store/zwinzrlfpgvlxcbpaaz3j3bz179fsr5x-moreutils-0.70"
        },
        "x86_64-linux": {
          "outputs": [
            {
              "name": "out",
              "path": "/nix/store/bq63zdc6avp4slk23ar0rr0kdhbva0xc-moreutils-0.70",
              "default": true
            }
          ],
          "store_path": "/nix/store/bq63zdc6avp4slk23ar0rr0kdhbva0xc-moreutils-0.70"
        }
      }
    },
    "renovate@42.83.1": {
      "last_modified": "2026-01-23T17:20:52Z",
      "resolved": "github:NixOS/nixpkgs/a1bab9e494f5f4939442a57a58d0449a109593fe#renovate",
      "source": "devbox-search",
      "version": "42.83.1",
      "systems": {
        "aarch64-darwin": {
          "outputs": [
            {
              "name": "out",
              "path": "/nix/store/8a1mh7spi6yxyh49avz3dyllrzgaz8l6-renovate-42.83.1",
              "default": true
            }
          ],
          "store_path": "/nix/store/8a1mh7spi6yxyh49avz3dyllrzgaz8l6-renovate-42.83.1"
        },
        "aarch64-linux": {
          "outputs": [
            {
              "name": "out",
              "path": "/nix/store/p114hy5aayqzrwz7jgswpks1y43xh2rx-renovate-42.83.1",
              "default": true
            }
          ],
          "store_path": "/nix/store/p114hy5aayqzrwz7jgswpks1y43xh2rx-renovate-42.83.1"
        },
        "x86_64-darwin": {
          "outputs": [
            {
              "name": "out",
              "path": "/nix/store/qhh8csiwjihga74r0mlq9abhbk5qi8cz-renovate-42.83.1",
              "default": true
            }
          ],
          "store_path": "/nix/store/qhh8csiwjihga74r0mlq9abhbk5qi8cz-renovate-42.83.1"
        },
        "x86_64-linux": {
          "outputs": [
            {
              "name": "out",
              "path": "/nix/store/2k2rv8z2wi2rz6251wckj3kawy7qcnq1-renovate-42.83.1",
              "default": true
            }
          ],
          "store_path": "/nix/store/2k2rv8z2wi2rz6251wckj3kawy7qcnq1-renovate-42.83.1"
        }
      }
    },
    "rumdl@0.1.10": {
      "last_modified": "2026-02-02T23:09:17Z",
      "resolved": "github:NixOS/nixpkgs/47472570b1e607482890801aeaf29bfb749884f6#rumdl",
      "source": "devbox-search",
      "version": "0.1.10",
      "systems": {
        "aarch64-darwin": {
          "outputs": [
            {
              "name": "out",
              "path": "/nix/store/j4688wvcfszcrpk73qmb69hz7yinkm28-rumdl-0.1.10",
              "default": true
            }
          ],
          "store_path": "/nix/store/j4688wvcfszcrpk73qmb69hz7yinkm28-rumdl-0.1.10"
        },
        "aarch64-linux": {
          "outputs": [
            {
              "name": "out",
              "path": "/nix/store/w6pxi11dwlbpm7x8xjll0p0p81rrmmym-rumdl-0.1.10",
              "default": true
            }
          ],
          "store_path": "/nix/store/w6pxi11dwlbpm7x8xjll0p0p81rrmmym-rumdl-0.1.10"
        },
        "x86_64-darwin": {
          "outputs": [
            {
              "name": "out",
              "path": "/nix/store/gkr418i1xfnqdl13wx4zv2ygrgklanas-rumdl-0.1.10",
              "default": true
            }
          ],
          "store_path": "/nix/store/gkr418i1xfnqdl13wx4zv2ygrgklanas-rumdl-0.1.10"
        },
        "x86_64-linux": {
          "outputs": [
            {
              "name": "out",
              "path": "/nix/store/qmkzwg5bs9g57z07jpi731g1pza7scfm-rumdl-0.1.10",
              "default": true
            }
          ],
          "store_path": "/nix/store/qmkzwg5bs9g57z07jpi731g1pza7scfm-rumdl-0.1.10"
        }
      }
    },
    "stdenv.cc.cc.lib": {
      "resolved": "github:NixOS/nixpkgs/890f57fde071de281cd0e950cd80ea3e1ab55e75?narHash=sha256-RCNYRb7zHt%2BqycQwfTD%2FZxnbd4Sxi2fgvkeAljtLEOs%3D#stdenv.cc.cc.lib",
      "source": "nixpkg",
      "systems": {
        "x86_64-linux": {
          "outputs": [
            {
              "name": "lib",
              "path": "/tmp/containerbase/cache/nix/store/crk7xrp5r4dxam9pdzm67zzggm6105km-gcc-14.3.0-lib",
              "default": true
            }
          ]
        }
      }
    },
    "temurin-bin@21.0.8": {
      "last_modified": "2025-10-22T20:59:19Z",
      "resolved": "github:NixOS/nixpkgs/01b6809f7f9d1183a2b3e081f0a1e6f8f415cb09#temurin-bin",
      "source": "devbox-search",
      "version": "21.0.8",
      "systems": {
        "aarch64-darwin": {
          "outputs": [
            {
              "name": "out",
              "path": "/nix/store/x39311498bh7sb2ag1fjikgv7i0ll5qb-temurin-bin-21.0.8",
              "default": true
            }
          ],
          "store_path": "/nix/store/x39311498bh7sb2ag1fjikgv7i0ll5qb-temurin-bin-21.0.8"
        },
        "aarch64-linux": {
          "outputs": [
            {
              "name": "out",
              "path": "/nix/store/3q60g6x4qf2wfvbalnyx1510n9gwbd5j-temurin-bin-21.0.8",
              "default": true
            }
          ],
          "store_path": "/nix/store/3q60g6x4qf2wfvbalnyx1510n9gwbd5j-temurin-bin-21.0.8"
        },
        "x86_64-darwin": {
          "outputs": [
            {
              "name": "out",
              "path": "/nix/store/q0y2plx55rmhyqbindyfg01xwjj45da6-temurin-bin-21.0.8",
              "default": true
            }
          ],
          "store_path": "/nix/store/q0y2plx55rmhyqbindyfg01xwjj45da6-temurin-bin-21.0.8"
        },
        "x86_64-linux": {
          "outputs": [
            {
              "name": "out",
              "path": "/nix/store/x1f6yd37mb7lfp61xh585vrfjs3cgw99-temurin-bin-21.0.8",
              "default": true
            }
          ],
          "store_path": "/nix/store/x1f6yd37mb7lfp61xh585vrfjs3cgw99-temurin-bin-21.0.8"
        }
      }
    },
    "tombi@0.7.27": {
      "last_modified": "2026-02-06T12:24:04Z",
      "resolved": "github:NixOS/nixpkgs/ae67888ff7ef9dff69b3cf0cc0fbfbcd3a722abe#tombi",
      "source": "devbox-search",
      "version": "0.7.27",
      "systems": {
        "aarch64-darwin": {
          "outputs": [
            {
              "name": "out",
              "path": "/nix/store/ndygd8cyy4ba9fc4kg95klzxbhwki229-tombi-0.7.27",
              "default": true
            }
          ],
          "store_path": "/nix/store/ndygd8cyy4ba9fc4kg95klzxbhwki229-tombi-0.7.27"
        },
        "aarch64-linux": {
          "outputs": [
            {
              "name": "out",
              "path": "/nix/store/dpf0f7whyw3x4sv6x8gg2ngwxw32d7lz-tombi-0.7.27",
              "default": true
            }
          ],
          "store_path": "/nix/store/dpf0f7whyw3x4sv6x8gg2ngwxw32d7lz-tombi-0.7.27"
        },
        "x86_64-darwin": {
          "outputs": [
            {
              "name": "out",
              "path": "/nix/store/bjw39pxa539ah81jx959kzdxqcf9iqd9-tombi-0.7.27",
              "default": true
            }
          ],
          "store_path": "/nix/store/bjw39pxa539ah81jx959kzdxqcf9iqd9-tombi-0.7.27"
        },
        "x86_64-linux": {
          "outputs": [
            {
              "name": "out",
              "path": "/nix/store/0pi4gisnqfwcahjlj24d5fj0snzscwas-tombi-0.7.27",
              "default": true
            }
          ],
          "store_path": "/nix/store/0pi4gisnqfwcahjlj24d5fj0snzscwas-tombi-0.7.27"
        }
      }
    },
    "toml-sort@0.24.3": {
      "last_modified": "2026-01-23T17:20:52Z",
      "resolved": "github:NixOS/nixpkgs/a1bab9e494f5f4939442a57a58d0449a109593fe#toml-sort",
      "source": "devbox-search",
      "version": "0.24.3",
      "systems": {
        "aarch64-darwin": {
          "outputs": [
            {
              "name": "out",
              "path": "/nix/store/80nva3wy8wzj32q32psmv34164s755za-toml-sort-0.24.3",
              "default": true
            },
            {
              "name": "dist",
              "path": "/nix/store/0zhqg4r34lnyiaa51fyh8ygpipkdq61i-toml-sort-0.24.3-dist"
            }
          ],
          "store_path": "/nix/store/80nva3wy8wzj32q32psmv34164s755za-toml-sort-0.24.3"
        },
        "aarch64-linux": {
          "outputs": [
            {
              "name": "out",
              "path": "/nix/store/bkhxn5w40hq162bsggj2p0awbn4z3s8w-toml-sort-0.24.3",
              "default": true
            },
            {
              "name": "dist",
              "path": "/nix/store/qxfzrnhwj3g8p8paz9zh5p73y6kl6m4x-toml-sort-0.24.3-dist"
            }
          ],
          "store_path": "/nix/store/bkhxn5w40hq162bsggj2p0awbn4z3s8w-toml-sort-0.24.3"
        },
        "x86_64-darwin": {
          "outputs": [
            {
              "name": "out",
              "path": "/nix/store/0ibq09krgk3fc9yd49ag1k0v2cwbbdk4-toml-sort-0.24.3",
              "default": true
            },
            {
              "name": "dist",
              "path": "/nix/store/krby1j5akxxgf7baqs061yrd994bzgwj-toml-sort-0.24.3-dist"
            }
          ],
          "store_path": "/nix/store/0ibq09krgk3fc9yd49ag1k0v2cwbbdk4-toml-sort-0.24.3"
        },
        "x86_64-linux": {
          "outputs": [
            {
              "name": "out",
              "path": "/nix/store/95pv2as8ndl6qp0c3fq10qsgrgyxa6sp-toml-sort-0.24.3",
              "default": true
            },
            {
              "name": "dist",
              "path": "/nix/store/2lsdjsw6zwws5wy5gdnkf2hy2n15j3hv-toml-sort-0.24.3-dist"
            }
          ],
          "store_path": "/nix/store/95pv2as8ndl6qp0c3fq10qsgrgyxa6sp-toml-sort-0.24.3"
        }
      }
    },
    "treefmt@2.4.0": {
      "last_modified": "2026-01-23T17:20:52Z",
      "resolved": "github:NixOS/nixpkgs/a1bab9e494f5f4939442a57a58d0449a109593fe#treefmt",
      "source": "devbox-search",
      "version": "2.4.0",
      "systems": {
        "aarch64-darwin": {
          "outputs": [
            {
              "name": "out",
              "path": "/nix/store/37qcrdrfdf8b9pyli0j0vj9d69dykmpr-treefmt-2.4.0",
              "default": true
            }
          ],
          "store_path": "/nix/store/37qcrdrfdf8b9pyli0j0vj9d69dykmpr-treefmt-2.4.0"
        },
        "aarch64-linux": {
          "outputs": [
            {
              "name": "out",
              "path": "/nix/store/ccv7dxwff3xpivsdhrjbq3mpk0br5v7d-treefmt-2.4.0",
              "default": true
            }
          ],
          "store_path": "/nix/store/ccv7dxwff3xpivsdhrjbq3mpk0br5v7d-treefmt-2.4.0"
        },
        "x86_64-darwin": {
          "outputs": [
            {
              "name": "out",
              "path": "/nix/store/sbq2psv4q9hvfvalk00g0pkqjl2912m1-treefmt-2.4.0",
              "default": true
            }
          ],
          "store_path": "/nix/store/sbq2psv4q9hvfvalk00g0pkqjl2912m1-treefmt-2.4.0"
        },
        "x86_64-linux": {
          "outputs": [
            {
              "name": "out",
              "path": "/nix/store/z8xrjfswqqpydc42lyas064pp8kxgnl0-treefmt-2.4.0",
              "default": true
            }
          ],
          "store_path": "/nix/store/z8xrjfswqqpydc42lyas064pp8kxgnl0-treefmt-2.4.0"
        }
      }
    },
    "typos@1.42.3": {
      "last_modified": "2026-01-31T12:06:42Z",
      "resolved": "github:NixOS/nixpkgs/f214de98544a6acf0d9917ba265ac50849048fcb#typos",
      "source": "devbox-search",
      "version": "1.42.3",
      "systems": {
        "aarch64-darwin": {
          "outputs": [
            {
              "name": "out",
              "path": "/nix/store/hygr0m7ww5qzh4mri9qqhn7hx5f5k91b-typos-1.42.3",
              "default": true
            }
          ],
          "store_path": "/nix/store/hygr0m7ww5qzh4mri9qqhn7hx5f5k91b-typos-1.42.3"
        },
        "aarch64-linux": {
          "outputs": [
            {
              "name": "out",
              "path": "/nix/store/ryakadlql2ci4lbnp99ysl6zdi95kn0h-typos-1.42.3",
              "default": true
            }
          ],
          "store_path": "/nix/store/ryakadlql2ci4lbnp99ysl6zdi95kn0h-typos-1.42.3"
        },
        "x86_64-darwin": {
          "outputs": [
            {
              "name": "out",
              "path": "/nix/store/jdlqjm04axac9gv7jvwb98f8qfb8vql1-typos-1.42.3",
              "default": true
            }
          ],
          "store_path": "/nix/store/jdlqjm04axac9gv7jvwb98f8qfb8vql1-typos-1.42.3"
        },
        "x86_64-linux": {
          "outputs": [
            {
              "name": "out",
              "path": "/nix/store/s4rgqv7brrcq2jm8m00dyair22knq10s-typos-1.42.3",
              "default": true
            }
          ],
          "store_path": "/nix/store/s4rgqv7brrcq2jm8m00dyair22knq10s-typos-1.42.3"
        }
      }
    },
    "yamlfmt@0.21.0": {
      "last_modified": "2026-01-23T17:20:52Z",
      "resolved": "github:NixOS/nixpkgs/a1bab9e494f5f4939442a57a58d0449a109593fe#yamlfmt",
      "source": "devbox-search",
      "version": "0.21.0",
      "systems": {
        "aarch64-darwin": {
          "outputs": [
            {
              "name": "out",
              "path": "/nix/store/c2z2m8kh28xhbr1gy0l2p2mwh8zi39qd-yamlfmt-0.21.0",
              "default": true
            }
          ],
          "store_path": "/nix/store/c2z2m8kh28xhbr1gy0l2p2mwh8zi39qd-yamlfmt-0.21.0"
        },
        "aarch64-linux": {
          "outputs": [
            {
              "name": "out",
              "path": "/nix/store/bvjwnm2ldimmcc6nq8rbsji915s9d075-yamlfmt-0.21.0",
              "default": true
            }
          ],
          "store_path": "/nix/store/bvjwnm2ldimmcc6nq8rbsji915s9d075-yamlfmt-0.21.0"
        },
        "x86_64-darwin": {
          "outputs": [
            {
              "name": "out",
              "path": "/nix/store/1mdm6l13ccn83xhv2dm10v0pga26w4cg-yamlfmt-0.21.0",
              "default": true
            }
          ],
          "store_path": "/nix/store/1mdm6l13ccn83xhv2dm10v0pga26w4cg-yamlfmt-0.21.0"
        },
        "x86_64-linux": {
          "outputs": [
            {
              "name": "out",
              "path": "/nix/store/v18mpnwk6kyail6d2y9hbmksy0y344p1-yamlfmt-0.21.0",
              "default": true
            }
          ],
          "store_path": "/nix/store/v18mpnwk6kyail6d2y9hbmksy0y344p1-yamlfmt-0.21.0"
        }
      }
    },
    "zizmor@1.22.0": {
      "last_modified": "2026-01-23T17:20:52Z",
      "resolved": "github:NixOS/nixpkgs/a1bab9e494f5f4939442a57a58d0449a109593fe#zizmor",
      "source": "devbox-search",
      "version": "1.22.0",
      "systems": {
        "aarch64-darwin": {
          "outputs": [
            {
              "name": "out",
              "path": "/nix/store/ba645j5j3vddwks9q0b3006zs5fwqx4g-zizmor-1.22.0",
              "default": true
            }
          ],
          "store_path": "/nix/store/ba645j5j3vddwks9q0b3006zs5fwqx4g-zizmor-1.22.0"
        },
        "aarch64-linux": {
          "outputs": [
            {
              "name": "out",
              "path": "/nix/store/bs9rfh9v1y1jfdqzpa7xbniqrcnjhfcq-zizmor-1.22.0",
              "default": true
            }
          ],
          "store_path": "/nix/store/bs9rfh9v1y1jfdqzpa7xbniqrcnjhfcq-zizmor-1.22.0"
        },
        "x86_64-darwin": {
          "outputs": [
            {
              "name": "out",
              "path": "/nix/store/vr70h345bic2ia8vlf4dniscyb8apmks-zizmor-1.22.0",
              "default": true
            }
          ],
          "store_path": "/nix/store/vr70h345bic2ia8vlf4dniscyb8apmks-zizmor-1.22.0"
        },
        "x86_64-linux": {
          "outputs": [
            {
              "name": "out",
              "path": "/nix/store/a8s6c6slk4zmazn42mgp78qv0d8vj01x-zizmor-1.22.0",
              "default": true
            }
          ],
          "store_path": "/nix/store/a8s6c6slk4zmazn42mgp78qv0d8vj01x-zizmor-1.22.0"
        }
      }
    }
  }
}
